
Microsoft Visual Studio Solution File, Format Version 12.00
# Visual Studio Version 17
VisualStudioVersion = 17.0.31919.166
MinimumVisualStudioVersion = 10.0.40219.1
Project("{9A19103F-16F7-4668-BE54-9A1E7A4F7556}") = "YiQiDong", "YiQiDong\YiQiDong.csproj", "{5BC39826-882B-40C1-B500-00BC23360311}"
EndProject
Project("{9A19103F-16F7-4668-BE54-9A1E7A4F7556}") = "YiQiDong.Core", "YiQiDong.Core\YiQiDong.Core.csproj", "{B152A93C-F47D-4DFE-BBBA-9D98394A39D7}"
EndProject
Project("{9A19103F-16F7-4668-BE54-9A1E7A4F7556}") = "_build", "_build\_build.csproj", "{F4EF8110-0737-4E6A-BDF0-95227609323F}"
EndProject
Project("{2150E333-8FDC-42A3-9474-1A3956D46DE8}") = "Tools", "Tools", "{2A8C0F98-D259-4D8D-8A2A-4FFF58AA182E}"
EndProject
Global
	GlobalSection(SolutionConfigurationPlatforms) = preSolution
		Debug|Any CPU = Debug|Any CPU
		Release|Any CPU = Release|Any CPU
	EndGlobalSection
	GlobalSection(ProjectConfigurationPlatforms) = postSolution
		{5BC39826-882B-40C1-B500-00BC23360311}.Debug|Any CPU.ActiveCfg = Debug|Any CPU
		{5BC39826-882B-40C1-B500-00BC23360311}.Debug|Any CPU.Build.0 = Debug|Any CPU
		{5BC39826-882B-40C1-B500-00BC23360311}.Release|Any CPU.ActiveCfg = Release|Any CPU
		{5BC39826-882B-40C1-B500-00BC23360311}.Release|Any CPU.Build.0 = Release|Any CPU
		{B152A93C-F47D-4DFE-BBBA-9D98394A39D7}.Debug|Any CPU.ActiveCfg = Debug|Any CPU
		{B152A93C-F47D-4DFE-BBBA-9D98394A39D7}.Debug|Any CPU.Build.0 = Debug|Any CPU
		{B152A93C-F47D-4DFE-BBBA-9D98394A39D7}.Release|Any CPU.ActiveCfg = Release|Any CPU
		{B152A93C-F47D-4DFE-BBBA-9D98394A39D7}.Release|Any CPU.Build.0 = Release|Any CPU
		{F4EF8110-0737-4E6A-BDF0-95227609323F}.Debug|Any CPU.ActiveCfg = Debug|Any CPU
		{F4EF8110-0737-4E6A-BDF0-95227609323F}.Debug|Any CPU.Build.0 = Debug|Any CPU
		{F4EF8110-0737-4E6A-BDF0-95227609323F}.Release|Any CPU.ActiveCfg = Release|Any CPU
		{F4EF8110-0737-4E6A-BDF0-95227609323F}.Release|Any CPU.Build.0 = Release|Any CPU
	EndGlobalSection
	GlobalSection(SolutionProperties) = preSolution
		HideSolutionNode = FALSE
	EndGlobalSection
	GlobalSection(NestedProjects) = preSolution
		{F4EF8110-0737-4E6A-BDF0-95227609323F} = {2A8C0F98-D259-4D8D-8A2A-4FFF58AA182E}
	EndGlobalSection
	GlobalSection(ExtensibilityGlobals) = postSolution
		SolutionGuid = {B97A3824-0AA9-470B-824C-50143B69D8CF}
	EndGlobalSection
EndGlobal
